
Microsoft Visual Studio Solution File, Format Version 12.00
# Visual Studio 14
VisualStudioVersion = 14.0.24720.0
MinimumVisualStudioVersion = 10.0.40219.1
Project("{FAE04EC0-301F-11D3-BF4B-00C04F79EFBC}") = "DotNetPad.Presentation", "DotNetPad.Presentation\DotNetPad.Presentation.csproj", "{27BC0A1B-0E66-4F47-B6D1-A6EDE5211184}"
EndProject
Project("{FAE04EC0-301F-11D3-BF4B-00C04F79EFBC}") = "DotNetPad.Applications", "DotNetPad.Applications\DotNetPad.Applications.csproj", "{3BF15542-90DE-4AAE-AEE6-83D1137FDEAE}"
EndProject
Project("{FAE04EC0-301F-11D3-BF4B-00C04F79EFBC}") = "DotNetPad.Domain", "DotNetPad.Domain\DotNetPad.Domain.csproj", "{AC74EB5D-A233-402E-BE02-CA8201F618BB}"
EndProject
Project("{2150E333-8FDC-42A3-9474-1A3956D46DE8}") = "Solution Items", "Solution Items", "{F396EE83-953E-41E7-BFDA-2FEA2C28BF25}"
	ProjectSection(SolutionItems) = preProject
		CodeAnalysisDictionary.xml = CodeAnalysisDictionary.xml
		CodeCoverage.runsettings = CodeCoverage.runsettings
		DotNetPad.ruleset = DotNetPad.ruleset
		SharedAssemblyInfo.cs = SharedAssemblyInfo.cs
	EndProjectSection
EndProject
Project("{2150E333-8FDC-42A3-9474-1A3956D46DE8}") = "Documentation", "Documentation", "{E38ACA1D-4AC1-4853-9FB4-2A89355798FC}"
	ProjectSection(SolutionItems) = preProject
		Documentation\Changelog.txt = Documentation\Changelog.txt
	EndProjectSection
EndProject
Global
	GlobalSection(SolutionConfigurationPlatforms) = preSolution
		Debug|Any CPU = Debug|Any CPU
		Release|Any CPU = Release|Any CPU
	EndGlobalSection
	GlobalSection(ProjectConfigurationPlatforms) = postSolution
		{27BC0A1B-0E66-4F47-B6D1-A6EDE5211184}.Debug|Any CPU.ActiveCfg = Debug|Any CPU
		{27BC0A1B-0E66-4F47-B6D1-A6EDE5211184}.Debug|Any CPU.Build.0 = Debug|Any CPU
		{27BC0A1B-0E66-4F47-B6D1-A6EDE5211184}.Release|Any CPU.ActiveCfg = Release|Any CPU
		{27BC0A1B-0E66-4F47-B6D1-A6EDE5211184}.Release|Any CPU.Build.0 = Release|Any CPU
		{3BF15542-90DE-4AAE-AEE6-83D1137FDEAE}.Debug|Any CPU.ActiveCfg = Debug|Any CPU
		{3BF15542-90DE-4AAE-AEE6-83D1137FDEAE}.Debug|Any CPU.Build.0 = Debug|Any CPU
		{3BF15542-90DE-4AAE-AEE6-83D1137FDEAE}.Release|Any CPU.ActiveCfg = Release|Any CPU
		{3BF15542-90DE-4AAE-AEE6-83D1137FDEAE}.Release|Any CPU.Build.0 = Release|Any CPU
		{AC74EB5D-A233-402E-BE02-CA8201F618BB}.Debug|Any CPU.ActiveCfg = Debug|Any CPU
		{AC74EB5D-A233-402E-BE02-CA8201F618BB}.Debug|Any CPU.Build.0 = Debug|Any CPU
		{AC74EB5D-A233-402E-BE02-CA8201F618BB}.Release|Any CPU.ActiveCfg = Release|Any CPU
		{AC74EB5D-A233-402E-BE02-CA8201F618BB}.Release|Any CPU.Build.0 = Release|Any CPU
	EndGlobalSection
	GlobalSection(SolutionProperties) = preSolution
		HideSolutionNode = FALSE
	EndGlobalSection
EndGlobal
