
Microsoft Visual Studio Solution File, Format Version 12.00
# Visual Studio Version 17
VisualStudioVersion = 17.0.32014.148
MinimumVisualStudioVersion = 10.0.40219.1
Project("{9A19103F-16F7-4668-BE54-9A1E7A4F7556}") = "DotNetPad.Applications", "DotNetPad.Applications\DotNetPad.Applications.csproj", "{3BF15542-90DE-4AAE-AEE6-83D1137FDEAE}"
EndProject
Project("{9A19103F-16F7-4668-BE54-9A1E7A4F7556}") = "DotNetPad.Domain", "DotNetPad.Domain\DotNetPad.Domain.csproj", "{AC74EB5D-A233-402E-BE02-CA8201F618BB}"
EndProject
Project("{2150E333-8FDC-42A3-9474-1A3956D46DE8}") = "Solution Items", "Solution Items", "{F396EE83-953E-41E7-BFDA-2FEA2C28BF25}"
	ProjectSection(SolutionItems) = preProject
		.editorconfig = .editorconfig
		Changelog.txt = Changelog.txt
		Directory.Build.props = Directory.Build.props
	EndProjectSection
EndProject
Project("{9A19103F-16F7-4668-BE54-9A1E7A4F7556}") = "DotNetPad.Presentation", "DotNetPad.Presentation\DotNetPad.Presentation.csproj", "{27BC0A1B-0E66-4F47-B6D1-A6EDE5211184}"
EndProject
Project("{C7167F0D-BC9F-4E6E-AFE1-012C56B48DB5}") = "DotNetPad.Packaging", "DotNetPad.Packaging\DotNetPad.Packaging.wapproj", "{45949512-174B-4A6B-ABFE-A9BAF241057C}"
EndProject
Global
	GlobalSection(SolutionConfigurationPlatforms) = preSolution
		Debug|Any CPU = Debug|Any CPU
		Debug|ARM = Debug|ARM
		Debug|ARM64 = Debug|ARM64
		Debug|x64 = Debug|x64
		Debug|x86 = Debug|x86
		Release|Any CPU = Release|Any CPU
		Release|ARM = Release|ARM
		Release|ARM64 = Release|ARM64
		Release|x64 = Release|x64
		Release|x86 = Release|x86
	EndGlobalSection
	GlobalSection(ProjectConfigurationPlatforms) = postSolution
		{3BF15542-90DE-4AAE-AEE6-83D1137FDEAE}.Debug|Any CPU.ActiveCfg = Debug|Any CPU
		{3BF15542-90DE-4AAE-AEE6-83D1137FDEAE}.Debug|Any CPU.Build.0 = Debug|Any CPU
		{3BF15542-90DE-4AAE-AEE6-83D1137FDEAE}.Debug|ARM.ActiveCfg = Debug|Any CPU
		{3BF15542-90DE-4AAE-AEE6-83D1137FDEAE}.Debug|ARM.Build.0 = Debug|Any CPU
		{3BF15542-90DE-4AAE-AEE6-83D1137FDEAE}.Debug|ARM64.ActiveCfg = Debug|Any CPU
		{3BF15542-90DE-4AAE-AEE6-83D1137FDEAE}.Debug|ARM64.Build.0 = Debug|Any CPU
		{3BF15542-90DE-4AAE-AEE6-83D1137FDEAE}.Debug|x64.ActiveCfg = Debug|Any CPU
		{3BF15542-90DE-4AAE-AEE6-83D1137FDEAE}.Debug|x64.Build.0 = Debug|Any CPU
		{3BF15542-90DE-4AAE-AEE6-83D1137FDEAE}.Debug|x86.ActiveCfg = Debug|Any CPU
		{3BF15542-90DE-4AAE-AEE6-83D1137FDEAE}.Debug|x86.Build.0 = Debug|Any CPU
		{3BF15542-90DE-4AAE-AEE6-83D1137FDEAE}.Release|Any CPU.ActiveCfg = Release|Any CPU
		{3BF15542-90DE-4AAE-AEE6-83D1137FDEAE}.Release|Any CPU.Build.0 = Release|Any CPU
		{3BF15542-90DE-4AAE-AEE6-83D1137FDEAE}.Release|ARM.ActiveCfg = Release|Any CPU
		{3BF15542-90DE-4AAE-AEE6-83D1137FDEAE}.Release|ARM.Build.0 = Release|Any CPU
		{3BF15542-90DE-4AAE-AEE6-83D1137FDEAE}.Release|ARM64.ActiveCfg = Release|Any CPU
		{3BF15542-90DE-4AAE-AEE6-83D1137FDEAE}.Release|ARM64.Build.0 = Release|Any CPU
		{3BF15542-90DE-4AAE-AEE6-83D1137FDEAE}.Release|x64.ActiveCfg = Release|Any CPU
		{3BF15542-90DE-4AAE-AEE6-83D1137FDEAE}.Release|x64.Build.0 = Release|Any CPU
		{3BF15542-90DE-4AAE-AEE6-83D1137FDEAE}.Release|x86.ActiveCfg = Release|Any CPU
		{3BF15542-90DE-4AAE-AEE6-83D1137FDEAE}.Release|x86.Build.0 = Release|Any CPU
		{AC74EB5D-A233-402E-BE02-CA8201F618BB}.Debug|Any CPU.ActiveCfg = Debug|Any CPU
		{AC74EB5D-A233-402E-BE02-CA8201F618BB}.Debug|Any CPU.Build.0 = Debug|Any CPU
		{AC74EB5D-A233-402E-BE02-CA8201F618BB}.Debug|ARM.ActiveCfg = Debug|Any CPU
		{AC74EB5D-A233-402E-BE02-CA8201F618BB}.Debug|ARM.Build.0 = Debug|Any CPU
		{AC74EB5D-A233-402E-BE02-CA8201F618BB}.Debug|ARM64.ActiveCfg = Debug|Any CPU
		{AC74EB5D-A233-402E-BE02-CA8201F618BB}.Debug|ARM64.Build.0 = Debug|Any CPU
		{AC74EB5D-A233-402E-BE02-CA8201F618BB}.Debug|x64.ActiveCfg = Debug|Any CPU
		{AC74EB5D-A233-402E-BE02-CA8201F618BB}.Debug|x64.Build.0 = Debug|Any CPU
		{AC74EB5D-A233-402E-BE02-CA8201F618BB}.Debug|x86.ActiveCfg = Debug|Any CPU
		{AC74EB5D-A233-402E-BE02-CA8201F618BB}.Debug|x86.Build.0 = Debug|Any CPU
		{AC74EB5D-A233-402E-BE02-CA8201F618BB}.Release|Any CPU.ActiveCfg = Release|Any CPU
		{AC74EB5D-A233-402E-BE02-CA8201F618BB}.Release|Any CPU.Build.0 = Release|Any CPU
		{AC74EB5D-A233-402E-BE02-CA8201F618BB}.Release|ARM.ActiveCfg = Release|Any CPU
		{AC74EB5D-A233-402E-BE02-CA8201F618BB}.Release|ARM.Build.0 = Release|Any CPU
		{AC74EB5D-A233-402E-BE02-CA8201F618BB}.Release|ARM64.ActiveCfg = Release|Any CPU
		{AC74EB5D-A233-402E-BE02-CA8201F618BB}.Release|ARM64.Build.0 = Release|Any CPU
		{AC74EB5D-A233-402E-BE02-CA8201F618BB}.Release|x64.ActiveCfg = Release|Any CPU
		{AC74EB5D-A233-402E-BE02-CA8201F618BB}.Release|x64.Build.0 = Release|Any CPU
		{AC74EB5D-A233-402E-BE02-CA8201F618BB}.Release|x86.ActiveCfg = Release|Any CPU
		{AC74EB5D-A233-402E-BE02-CA8201F618BB}.Release|x86.Build.0 = Release|Any CPU
		{27BC0A1B-0E66-4F47-B6D1-A6EDE5211184}.Debug|Any CPU.ActiveCfg = Debug|Any CPU
		{27BC0A1B-0E66-4F47-B6D1-A6EDE5211184}.Debug|Any CPU.Build.0 = Debug|Any CPU
		{27BC0A1B-0E66-4F47-B6D1-A6EDE5211184}.Debug|ARM.ActiveCfg = Debug|Any CPU
		{27BC0A1B-0E66-4F47-B6D1-A6EDE5211184}.Debug|ARM.Build.0 = Debug|Any CPU
		{27BC0A1B-0E66-4F47-B6D1-A6EDE5211184}.Debug|ARM64.ActiveCfg = Debug|Any CPU
		{27BC0A1B-0E66-4F47-B6D1-A6EDE5211184}.Debug|ARM64.Build.0 = Debug|Any CPU
		{27BC0A1B-0E66-4F47-B6D1-A6EDE5211184}.Debug|x64.ActiveCfg = Debug|Any CPU
		{27BC0A1B-0E66-4F47-B6D1-A6EDE5211184}.Debug|x64.Build.0 = Debug|Any CPU
		{27BC0A1B-0E66-4F47-B6D1-A6EDE5211184}.Debug|x86.ActiveCfg = Debug|Any CPU
		{27BC0A1B-0E66-4F47-B6D1-A6EDE5211184}.Debug|x86.Build.0 = Debug|Any CPU
		{27BC0A1B-0E66-4F47-B6D1-A6EDE5211184}.Release|Any CPU.ActiveCfg = Release|Any CPU
		{27BC0A1B-0E66-4F47-B6D1-A6EDE5211184}.Release|Any CPU.Build.0 = Release|Any CPU
		{27BC0A1B-0E66-4F47-B6D1-A6EDE5211184}.Release|ARM.ActiveCfg = Release|Any CPU
		{27BC0A1B-0E66-4F47-B6D1-A6EDE5211184}.Release|ARM.Build.0 = Release|Any CPU
		{27BC0A1B-0E66-4F47-B6D1-A6EDE5211184}.Release|ARM64.ActiveCfg = Release|Any CPU
		{27BC0A1B-0E66-4F47-B6D1-A6EDE5211184}.Release|ARM64.Build.0 = Release|Any CPU
		{27BC0A1B-0E66-4F47-B6D1-A6EDE5211184}.Release|x64.ActiveCfg = Release|Any CPU
		{27BC0A1B-0E66-4F47-B6D1-A6EDE5211184}.Release|x64.Build.0 = Release|Any CPU
		{27BC0A1B-0E66-4F47-B6D1-A6EDE5211184}.Release|x86.ActiveCfg = Release|Any CPU
		{27BC0A1B-0E66-4F47-B6D1-A6EDE5211184}.Release|x86.Build.0 = Release|Any CPU
		{45949512-174B-4A6B-ABFE-A9BAF241057C}.Debug|Any CPU.ActiveCfg = Debug|Any CPU
		{45949512-174B-4A6B-ABFE-A9BAF241057C}.Debug|Any CPU.Build.0 = Debug|Any CPU
		{45949512-174B-4A6B-ABFE-A9BAF241057C}.Debug|Any CPU.Deploy.0 = Debug|Any CPU
		{45949512-174B-4A6B-ABFE-A9BAF241057C}.Debug|ARM.ActiveCfg = Debug|ARM
		{45949512-174B-4A6B-ABFE-A9BAF241057C}.Debug|ARM.Build.0 = Debug|ARM
		{45949512-174B-4A6B-ABFE-A9BAF241057C}.Debug|ARM.Deploy.0 = Debug|ARM
		{45949512-174B-4A6B-ABFE-A9BAF241057C}.Debug|ARM64.ActiveCfg = Debug|ARM64
		{45949512-174B-4A6B-ABFE-A9BAF241057C}.Debug|ARM64.Build.0 = Debug|ARM64
		{45949512-174B-4A6B-ABFE-A9BAF241057C}.Debug|ARM64.Deploy.0 = Debug|ARM64
		{45949512-174B-4A6B-ABFE-A9BAF241057C}.Debug|x64.ActiveCfg = Debug|x64
		{45949512-174B-4A6B-ABFE-A9BAF241057C}.Debug|x64.Build.0 = Debug|x64
		{45949512-174B-4A6B-ABFE-A9BAF241057C}.Debug|x64.Deploy.0 = Debug|x64
		{45949512-174B-4A6B-ABFE-A9BAF241057C}.Debug|x86.ActiveCfg = Debug|x86
		{45949512-174B-4A6B-ABFE-A9BAF241057C}.Debug|x86.Build.0 = Debug|x86
		{45949512-174B-4A6B-ABFE-A9BAF241057C}.Debug|x86.Deploy.0 = Debug|x86
		{45949512-174B-4A6B-ABFE-A9BAF241057C}.Release|Any CPU.ActiveCfg = Release|Any CPU
		{45949512-174B-4A6B-ABFE-A9BAF241057C}.Release|Any CPU.Build.0 = Release|Any CPU
		{45949512-174B-4A6B-ABFE-A9BAF241057C}.Release|Any CPU.Deploy.0 = Release|Any CPU
		{45949512-174B-4A6B-ABFE-A9BAF241057C}.Release|ARM.ActiveCfg = Release|ARM
		{45949512-174B-4A6B-ABFE-A9BAF241057C}.Release|ARM.Build.0 = Release|ARM
		{45949512-174B-4A6B-ABFE-A9BAF241057C}.Release|ARM.Deploy.0 = Release|ARM
		{45949512-174B-4A6B-ABFE-A9BAF241057C}.Release|ARM64.ActiveCfg = Release|ARM64
		{45949512-174B-4A6B-ABFE-A9BAF241057C}.Release|ARM64.Build.0 = Release|ARM64
		{45949512-174B-4A6B-ABFE-A9BAF241057C}.Release|ARM64.Deploy.0 = Release|ARM64
		{45949512-174B-4A6B-ABFE-A9BAF241057C}.Release|x64.ActiveCfg = Release|x64
		{45949512-174B-4A6B-ABFE-A9BAF241057C}.Release|x64.Build.0 = Release|x64
		{45949512-174B-4A6B-ABFE-A9BAF241057C}.Release|x64.Deploy.0 = Release|x64
		{45949512-174B-4A6B-ABFE-A9BAF241057C}.Release|x86.ActiveCfg = Release|x86
		{45949512-174B-4A6B-ABFE-A9BAF241057C}.Release|x86.Build.0 = Release|x86
		{45949512-174B-4A6B-ABFE-A9BAF241057C}.Release|x86.Deploy.0 = Release|x86
	EndGlobalSection
	GlobalSection(SolutionProperties) = preSolution
		HideSolutionNode = FALSE
	EndGlobalSection
	GlobalSection(ExtensibilityGlobals) = postSolution
		SolutionGuid = {BA43AEC1-FCFB-4881-9D12-55F4E88B065C}
	EndGlobalSection
EndGlobal
